
Microsoft Visual Studio Solution File, Format Version 12.00
# Visual Studio Version 16
VisualStudioVersion = 16.0.30001.183
MinimumVisualStudioVersion = 10.0.40219.1
Project("{FAE04EC0-301F-11D3-BF4B-00C04F79EFBC}") = "UcAsp.Net.PrinterMonitor", "PrinterMonitor\UcAsp.Net.PrinterMonitor.csproj", "{80C300CE-9CCF-4E03-A86C-723E093A543D}"
EndProject
Project("{FAE04EC0-301F-11D3-BF4B-00C04F79EFBC}") = "PrinterMonitor.Test", "PrinterMonitor.Test\PrinterMonitor.Test.csproj", "{6431D0BA-F040-4CA2-8109-D79E5EF4ADA5}"
EndProject
Global
	GlobalSection(SolutionConfigurationPlatforms) = preSolution
		Debug|Any CPU = Debug|Any CPU
		Release|Any CPU = Release|Any CPU
	EndGlobalSection
	GlobalSection(ProjectConfigurationPlatforms) = postSolution
		{80C300CE-9CCF-4E03-A86C-723E093A543D}.Debug|Any CPU.ActiveCfg = Debug|Any CPU
		{80C300CE-9CCF-4E03-A86C-723E093A543D}.Debug|Any CPU.Build.0 = Debug|Any CPU
		{80C300CE-9CCF-4E03-A86C-723E093A543D}.Release|Any CPU.ActiveCfg = Release|Any CPU
		{80C300CE-9CCF-4E03-A86C-723E093A543D}.Release|Any CPU.Build.0 = Release|Any CPU
		{6431D0BA-F040-4CA2-8109-D79E5EF4ADA5}.Debug|Any CPU.ActiveCfg = Debug|Any CPU
		{6431D0BA-F040-4CA2-8109-D79E5EF4ADA5}.Debug|Any CPU.Build.0 = Debug|Any CPU
		{6431D0BA-F040-4CA2-8109-D79E5EF4ADA5}.Release|Any CPU.ActiveCfg = Release|Any CPU
		{6431D0BA-F040-4CA2-8109-D79E5EF4ADA5}.Release|Any CPU.Build.0 = Release|Any CPU
	EndGlobalSection
	GlobalSection(SolutionProperties) = preSolution
		HideSolutionNode = FALSE
	EndGlobalSection
	GlobalSection(ExtensibilityGlobals) = postSolution
		SolutionGuid = {114F60E4-8A21-4E3F-873D-8B2DA4851722}
	EndGlobalSection
EndGlobal
